Microsoft Visual Studio Solution File, Format Version 12.00
# Visual Studio Version 17
VisualStudioVersion = 17.5.2.0
MinimumVisualStudioVersion = 10.0.40219.1
Project("{FAE04EC0-301F-11D3-BF4B-00C04F79EFBC}") = "2B-IP.Backend", "2B-IP.Backend\2B-IP.Backend.csproj", "{F303A797-4EF2-F43E-D2A1-66E9C249F48E}"
EndProject
Global
	GlobalSection(SolutionConfigurationPlatforms) = preSolution
		Debug|Any CPU = Debug|Any CPU
		Release|Any CPU = Release|Any CPU
	EndGlobalSection
	GlobalSection(ProjectConfigurationPlatforms) = postSolution
		{F303A797-4EF2-F43E-D2A1-66E9C249F48E}.Debug|Any CPU.ActiveCfg = Debug|Any CPU
		{F303A797-4EF2-F43E-D2A1-66E9C249F48E}.Debug|Any CPU.Build.0 = Debug|Any CPU
		{F303A797-4EF2-F43E-D2A1-66E9C249F48E}.Release|Any CPU.ActiveCfg = Release|Any CPU
		{F303A797-4EF2-F43E-D2A1-66E9C249F48E}.Release|Any CPU.Build.0 = Release|Any CPU
	EndGlobalSection
	GlobalSection(SolutionProperties) = preSolution
		HideSolutionNode = FALSE
	EndGlobalSection
	GlobalSection(ExtensibilityGlobals) = postSolution
		SolutionGuid = {54C505C3-F003-4EDA-B784-F932790D1E3C}
	EndGlobalSection
EndGlobal
